// !$*UTF8*$!
{
	archiveVersion = 1;
	classes = {
	};
	objectVersion = 77;
	objects = {

/* Begin PBXContainerItemProxy section */
		580517D02D8C820F0016707D /* PBXContainerItemProxy */ = {
			isa = PBXContainerItemProxy;
			containerPortal = 580517B52D8C820D0016707D /* Project object */;
			proxyType = 1;
			remoteGlobalIDString = 580517BC2D8C820D0016707D;
			remoteInfo = vyyer_test;
		};
		580517DA2D8C820F0016707D /* PBXContainerItemProxy */ = {
			isa = PBXContainerItemProxy;
			containerPortal = 580517B52D8C820D0016707D /* Project object */;
			proxyType = 1;
			remoteGlobalIDString = 580517BC2D8C820D0016707D;
			remoteInfo = vyyer_test;
		};
/* End PBXContainerItemProxy section */

/* Begin PBXFileReference section */
		580517BD2D8C820D0016707D /* vyyer_test.app */ = {isa = PBXFileReference; explicitFileType = wrapper.application; includeInIndex = 0; path = vyyer_test.app; sourceTree = BUILT_PRODUCTS_DIR; };
		580517CF2D8C820F0016707D /* vyyer_testTests.xctest */ = {isa = PBXFileReference; explicitFileType = wrapper.cfbundle; includeInIndex = 0; path = vyyer_testTests.xctest; sourceTree = BUILT_PRODUCTS_DIR; };
		580517D92D8C820F0016707D /* vyyer_testUITests.xctest */ = {isa = PBXFileReference; explicitFileType = wrapper.cfbundle; includeInIndex = 0; path = vyyer_testUITests.xctest; sourceTree = BUILT_PRODUCTS_DIR; };
/* End PBXFileReference section */

/* Begin PBXFileSystemSynchronizedRootGroup section */
		580517BF2D8C820D0016707D /* vyyer_test */ = {
			isa = PBXFileSystemSynchronizedRootGroup;
			path = vyyer_test;
			sourceTree = "<group>";
		};
		580517D22D8C820F0016707D /* vyyer_testTests */ = {
			isa = PBXFileSystemSynchronizedRootGroup;
			path = vyyer_testTests;
			sourceTree = "<group>";
		};
		580517DC2D8C820F0016707D /* vyyer_testUITests */ = {
			isa = PBXFileSystemSynchronizedRootGroup;
			path = vyyer_testUITests;
			sourceTree = "<group>";
		};
/* End PBXFileSystemSynchronizedRootGroup section */

/* Begin PBXFrameworksBuildPhase section */
		580517BA2D8C820D0016707D /* Frameworks */ = {
			isa = PBXFrameworksBuildPhase;
			buildActionMask = 2147483647;
			files = (
			);
			runOnlyForDeploymentPostprocessing = 0;
		};
		580517CC2D8C820F0016707D /* Frameworks */ = {
			isa = PBXFrameworksBuildPhase;
			buildActionMask = 2147483647;
			files = (
			);
			runOnlyForDeploymentPostprocessing = 0;
		};
		580517D62D8C820F0016707D /* Frameworks */ = {
			isa = PBXFrameworksBuildPhase;
			buildActionMask = 2147483647;
			files = (
			);
			runOnlyForDeploymentPostprocessing = 0;
		};
/* End PBXFrameworksBuildPhase section */

/* Begin PBXGroup section */
		580517B42D8C820D0016707D = {
			isa = PBXGroup;
			children = (
				580517BF2D8C820D0016707D /* vyyer_test */,
				580517D22D8C820F0016707D /* vyyer_testTests */,
				580517DC2D8C820F0016707D /* vyyer_testUITests */,
				580517BE2D8C820D0016707D /* Products */,
			);
			sourceTree = "<group>";
		};
		580517BE2D8C820D0016707D /* Products */ = {
			isa = PBXGroup;
			children = (
				580517BD2D8C820D0016707D /* vyyer_test.app */,
				580517CF2D8C820F0016707D /* vyyer_testTests.xctest */,
				580517D92D8C820F0016707D /* vyyer_testUITests.xctest */,
			);
			name = Products;
			sourceTree = "<group>";
		};
/* End PBXGroup section */

/* Begin PBXNativeTarget section */
		580517BC2D8C820D0016707D /* vyyer_test */ = {
			isa = PBXNativeTarget;
			buildConfigurationList = 580517E32D8C820F0016707D /* Build configuration list for PBXNativeTarget "vyyer_test" */;
			buildPhases = (
				580517B92D8C820D0016707D /* Sources */,
				580517BA2D8C820D0016707D /* Frameworks */,
				580517BB2D8C820D0016707D /* Resources */,
			);
			buildRules = (
			);
			dependencies = (
			);
			fileSystemSynchronizedGroups = (
				580517BF2D8C820D0016707D /* vyyer_test */,
			);
			name = vyyer_test;
			packageProductDependencies = (
			);
			productName = vyyer_test;
			productReference = 580517BD2D8C820D0016707D /* vyyer_test.app */;
			productType = "com.apple.product-type.application";
		};
		580517CE2D8C820F0016707D /* vyyer_testTests */ = {
			isa = PBXNativeTarget;
			buildConfigurationList = 580517E62D8C820F0016707D /* Build configuration list for PBXNativeTarget "vyyer_testTests" */;
			buildPhases = (
				580517CB2D8C820F0016707D /* Sources */,
				580517CC2D8C820F0016707D /* Frameworks */,
				580517CD2D8C820F0016707D /* Resources */,
			);
			buildRules = (
			);
			dependencies = (
				580517D12D8C820F0016707D /* PBXTargetDependency */,
			);
			fileSystemSynchronizedGroups = (
				580517D22D8C820F0016707D /* vyyer_testTests */,
			);
			name = vyyer_testTests;
			packageProductDependencies = (
			);
			productName = vyyer_testTests;
			productReference = 580517CF2D8C820F0016707D /* vyyer_testTests.xctest */;
			productType = "com.apple.product-type.bundle.unit-test";
		};
		580517D82D8C820F0016707D /* vyyer_testUITests */ = {
			isa = PBXNativeTarget;
			buildConfigurationList = 580517E92D8C820F0016707D /* Build configuration list for PBXNativeTarget "vyyer_testUITests" */;
			buildPhases = (
				580517D52D8C820F0016707D /* Sources */,
				580517D62D8C820F0016707D /* Frameworks */,
				580517D72D8C820F0016707D /* Resources */,
			);
			buildRules = (
			);
			dependencies = (
				580517DB2D8C820F0016707D /* PBXTargetDependency */,
			);
			fileSystemSynchronizedGroups = (
				580517DC2D8C820F0016707D /* vyyer_testUITests */,
			);
			name = vyyer_testUITests;
			packageProductDependencies = (
			);
			productName = vyyer_testUITests;
			productReference = 580517D92D8C820F0016707D /* vyyer_testUITests.xctest */;
			productType = "com.apple.product-type.bundle.ui-testing";
		};
/* End PBXNativeTarget section */

/* Begin PBXProject section */
		580517B52D8C820D0016707D /* Project object */ = {
			isa = PBXProject;
			attributes = {
				BuildIndependentTargetsInParallel = 1;
				LastSwiftUpdateCheck = 1600;
				LastUpgradeCheck = 1600;
				TargetAttributes = {
					580517BC2D8C820D0016707D = {
						CreatedOnToolsVersion = 16.0;
					};
					580517CE2D8C820F0016707D = {
						CreatedOnToolsVersion = 16.0;
						TestTargetID = 580517BC2D8C820D0016707D;
					};
					580517D82D8C820F0016707D = {
						CreatedOnToolsVersion = 16.0;
						TestTargetID = 580517BC2D8C820D0016707D;
					};
				};
			};
			buildConfigurationList = 580517B82D8C820D0016707D /* Build configuration list for PBXProject "vyyer_test" */;
			developmentRegion = en;
			hasScannedForEncodings = 0;
			knownRegions = (
				en,
				Base,
			);
			mainGroup = 580517B42D8C820D0016707D;
			minimizedProjectReferenceProxies = 1;
			preferredProjectObjectVersion = 77;
			productRefGroup = 580517BE2D8C820D0016707D /* Products */;
			projectDirPath = "";
			projectRoot = "";
			targets = (
				580517BC2D8C820D0016707D /* vyyer_test */,
				580517CE2D8C820F0016707D /* vyyer_testTests */,
				580517D82D8C820F0016707D /* vyyer_testUITests */,
			);
		};
/* End PBXProject section */

/* Begin PBXResourcesBuildPhase section */
		580517BB2D8C820D0016707D /* Resources */ = {
			isa = PBXResourcesBuildPhase;
			buildActionMask = 2147483647;
			files = (
			);
			runOnlyForDeploymentPostprocessing = 0;
		};
		580517CD2D8C820F0016707D /* Resources */ = {
			isa = PBXResourcesBuildPhase;
			buildActionMask = 2147483647;
			files = (
			);
			runOnlyForDeploymentPostprocessing = 0;
		};
		580517D72D8C820F0016707D /* Resources */ = {
			isa = PBXResourcesBuildPhase;
			buildActionMask = 2147483647;
			files = (
			);
			runOnlyForDeploymentPostprocessing = 0;
		};
/* End PBXResourcesBuildPhase section */

/* Begin PBXSourcesBuildPhase section */
		580517B92D8C820D0016707D /* Sources */ = {
			isa = PBXSourcesBuildPhase;
			buildActionMask = 2147483647;
			files = (
			);
			runOnlyForDeploymentPostprocessing = 0;
		};
		580517CB2D8C820F0016707D /* Sources */ = {
			isa = PBXSourcesBuildPhase;
			buildActionMask = 2147483647;
			files = (
			);
			runOnlyForDeploymentPostprocessing = 0;
		};
		580517D52D8C820F0016707D /* Sources */ = {
			isa = PBXSourcesBuildPhase;
			buildActionMask = 2147483647;
			files = (
			);
			runOnlyForDeploymentPostprocessing = 0;
		};
/* End PBXSourcesBuildPhase section */

/* Begin PBXTargetDependency section */
		580517D12D8C820F0016707D /* PBXTargetDependency */ = {
			isa = PBXTargetDependency;
			target = 580517BC2D8C820D0016707D /* vyyer_test */;
			targetProxy = 580517D02D8C820F0016707D /* PBXContainerItemProxy */;
		};
		580517DB2D8C820F0016707D /* PBXTargetDependency */ = {
			isa = PBXTargetDependency;
			target = 580517BC2D8C820D0016707D /* vyyer_test */;
			targetProxy = 580517DA2D8C820F0016707D /* PBXContainerItemProxy */;
		};
/* End PBXTargetDependency section */

/* Begin XCBuildConfiguration section */
		580517E12D8C820F0016707D /* Debug */ = {
			isa = XCBuildConfiguration;
			buildSettings = {
				ALWAYS_SEARCH_USER_PATHS = NO;
				ASSETCATALOG_COMPILER_GENERATE_SWIFT_ASSET_SYMBOL_EXTENSIONS = YES;
				CLANG_ANALYZER_NONNULL = YES;
				CLANG_ANALYZER_NUMBER_OBJECT_CONVERSION = YES_AGGRESSIVE;
				CLANG_CXX_LANGUAGE_STANDARD = "gnu++20";
				CLANG_ENABLE_MODULES = YES;
				CLANG_ENABLE_OBJC_ARC = YES;
				CLANG_ENABLE_OBJC_WEAK = YES;
				CLANG_WARN_BLOCK_CAPTURE_AUTORELEASING = YES;
				CLANG_WARN_BOOL_CONVERSION = YES;
				CLANG_WARN_COMMA = YES;
				CLANG_WARN_CONSTANT_CONVERSION = YES;
				CLANG_WARN_DEPRECATED_OBJC_IMPLEMENTATIONS = YES;
				CLANG_WARN_DIRECT_OBJC_ISA_USAGE = YES_ERROR;
				CLANG_WARN_DOCUMENTATION_COMMENTS = YES;
				CLANG_WARN_EMPTY_BODY = YES;
				CLANG_WARN_ENUM_CONVERSION = YES;
				CLANG_WARN_INFINITE_RECURSION = YES;
				CLANG_WARN_INT_CONVERSION = YES;
				CLANG_WARN_NON_LITERAL_NULL_CONVERSION = YES;
				CLANG_WARN_OBJC_IMPLICIT_RETAIN_SELF = YES;
				CLANG_WARN_OBJC_LITERAL_CONVERSION = YES;
				CLANG_WARN_OBJC_ROOT_CLASS = YES_ERROR;
				CLANG_WARN_QUOTED_INCLUDE_IN_FRAMEWORK_HEADER = YES;
				CLANG_WARN_RANGE_LOOP_ANALYSIS = YES;
				CLANG_WARN_STRICT_PROTOTYPES = YES;
				CLANG_WARN_SUSPICIOUS_MOVE = YES;
				CLANG_WARN_UNGUARDED_AVAILABILITY = YES_AGGRESSIVE;
				CLANG_WARN_UNREACHABLE_CODE = YES;
				CLANG_WARN__DUPLICATE_METHOD_MATCH = YES;
				COPY_PHASE_STRIP = NO;
				DEBUG_INFORMATION_FORMAT = dwarf;
				ENABLE_STRICT_OBJC_MSGSEND = YES;
				ENABLE_TESTABILITY = YES;
				ENABLE_USER_SCRIPT_SANDBOXING = YES;
				GCC_C_LANGUAGE_STANDARD = gnu17;
				GCC_DYNAMIC_NO_PIC = NO;
				GCC_NO_COMMON_BLOCKS = YES;
				GCC_OPTIMIZATION_LEVEL = 0;
				GCC_PREPROCESSOR_DEFINITIONS = (
					"DEBUG=1",
					"$(inherited)",
				);
				GCC_WARN_64_TO_32_BIT_CONVERSION = YES;
				GCC_WARN_ABOUT_RETURN_TYPE = YES_ERROR;
				GCC_WARN_UNDECLARED_SELECTOR = YES;
				GCC_WARN_UNINITIALIZED_AUTOS = YES_AGGRESSIVE;
				GCC_WARN_UNUSED_FUNCTION = YES;
				GCC_WARN_UNUSED_VARIABLE = YES;
				IPHONEOS_DEPLOYMENT_TARGET = 18.0;
				LOCALIZATION_PREFERS_STRING_CATALOGS = YES;
				MTL_ENABLE_DEBUG_INFO = INCLUDE_SOURCE;
				MTL_FAST_MATH = YES;
				ONLY_ACTIVE_ARCH = YES;
				SDKROOT = iphoneos;
				SWIFT_ACTIVE_COMPILATION_CONDITIONS = "DEBUG $(inherited)";
				SWIFT_OPTIMIZATION_LEVEL = "-Onone";
			};
			name = Debug;
		};
		580517E22D8C820F0016707D /* Release */ = {
			isa = XCBuildConfiguration;
			buildSettings = {
				ALWAYS_SEARCH_USER_PATHS = NO;
				ASSETCATALOG_COMPILER_GENERATE_SWIFT_ASSET_SYMBOL_EXTENSIONS = YES;
				CLANG_ANALYZER_NONNULL = YES;
				CLANG_ANALYZER_NUMBER_OBJECT_CONVERSION = YES_AGGRESSIVE;
				CLANG_CXX_LANGUAGE_STANDARD = "gnu++20";
				CLANG_ENABLE_MODULES = YES;
				CLANG_ENABLE_OBJC_ARC = YES;
				CLANG_ENABLE_OBJC_WEAK = YES;
				CLANG_WARN_BLOCK_CAPTURE_AUTORELEASING = YES;
				CLANG_WARN_BOOL_CONVERSION = YES;
				CLANG_WARN_COMMA = YES;
				CLANG_WARN_CONSTANT_CONVERSION = YES;
				CLANG_WARN_DEPRECATED_OBJC_IMPLEMENTATIONS = YES;
				CLANG_WARN_DIRECT_OBJC_ISA_USAGE = YES_ERROR;
				CLANG_WARN_DOCUMENTATION_COMMENTS = YES;
				CLANG_WARN_EMPTY_BODY = YES;
				CLANG_WARN_ENUM_CONVERSION = YES;
				CLANG_WARN_INFINITE_RECURSION = YES;
				CLANG_WARN_INT_CONVERSION = YES;
				CLANG_WARN_NON_LITERAL_NULL_CONVERSION = YES;
				CLANG_WARN_OBJC_IMPLICIT_RETAIN_SELF = YES;
				CLANG_WARN_OBJC_LITERAL_CONVERSION = YES;
				CLANG_WARN_OBJC_ROOT_CLASS = YES_ERROR;
				CLANG_WARN_QUOTED_INCLUDE_IN_FRAMEWORK_HEADER = YES;
				CLANG_WARN_RANGE_LOOP_ANALYSIS = YES;
				CLANG_WARN_STRICT_PROTOTYPES = YES;
				CLANG_WARN_SUSPICIOUS_MOVE = YES;
				CLANG_WARN_UNGUARDED_AVAILABILITY = YES_AGGRESSIVE;
				CLANG_WARN_UNREACHABLE_CODE = YES;
				CLANG_WARN__DUPLICATE_METHOD_MATCH = YES;
				COPY_PHASE_STRIP = NO;
				DEBUG_INFORMATION_FORMAT = "dwarf-with-dsym";
				ENABLE_NS_ASSERTIONS = NO;
				ENABLE_STRICT_OBJC_MSGSEND = YES;
				ENABLE_USER_SCRIPT_SANDBOXING = YES;
				GCC_C_LANGUAGE_STANDARD = gnu17;
				GCC_NO_COMMON_BLOCKS = YES;
				GCC_WARN_64_TO_32_BIT_CONVERSION = YES;
				GCC_WARN_ABOUT_RETURN_TYPE = YES_ERROR;
				GCC_WARN_UNDECLARED_SELECTOR = YES;
				GCC_WARN_UNINITIALIZED_AUTOS = YES_AGGRESSIVE;
				GCC_WARN_UNUSED_FUNCTION = YES;
				GCC_WARN_UNUSED_VARIABLE = YES;
				IPHONEOS_DEPLOYMENT_TARGET = 18.0;
				LOCALIZATION_PREFERS_STRING_CATALOGS = YES;
				MTL_ENABLE_DEBUG_INFO = NO;
				MTL_FAST_MATH = YES;
				SDKROOT = iphoneos;
				SWIFT_COMPILATION_MODE = wholemodule;
				VALIDATE_PRODUCT = YES;
			};
			name = Release;
		};
		580517E42D8C820F0016707D /* Debug */ = {
			isa = XCBuildConfiguration;
			buildSettings = {
				ASSETCATALOG_COMPILER_APPICON_NAME = AppIcon;
				ASSETCATALOG_COMPILER_GLOBAL_ACCENT_COLOR_NAME = AccentColor;
				CODE_SIGN_STYLE = Automatic;
				CURRENT_PROJECT_VERSION = 1;
				DEVELOPMENT_ASSET_PATHS = "\"vyyer_test/Preview Content\"";
				DEVELOPMENT_TEAM = 27S85J5GU5;
				ENABLE_PREVIEWS = YES;
				GENERATE_INFOPLIST_FILE = YES;
				INFOPLIST_KEY_UIApplicationSceneManifest_Generation = YES;
				INFOPLIST_KEY_UIApplicationSupportsIndirectInputEvents = YES;
				INFOPLIST_KEY_UILaunchScreen_Generation = YES;
				INFOPLIST_KEY_UISupportedInterfaceOrientations_iPad = "UIInterfaceOrientationPortrait UIInterfaceOrientationPortraitUpsideDown UIInterfaceOrientationLandscapeLeft UIInterfaceOrientationLandscapeRight";
				INFOPLIST_KEY_UISupportedInterfaceOrientations_iPhone = "UIInterfaceOrientationPortrait UIInterfaceOrientationLandscapeLeft UIInterfaceOrientationLandscapeRight";
				LD_RUNPATH_SEARCH_PATHS = (
					"$(inherited)",
					"@executable_path/Frameworks",
				);
				MARKETING_VERSION = 1.0;
				PRODUCT_BUNDLE_IDENTIFIER = "app.homeprod.vyyer-test";
				PRODUCT_NAME = "$(TARGET_NAME)";
				SWIFT_EMIT_LOC_STRINGS = YES;
				SWIFT_VERSION = 5.0;
				TARGETED_DEVICE_FAMILY = "1,2";
			};
			name = Debug;
		};
		580517E52D8C820F0016707D /* Release */ = {
			isa = XCBuildConfiguration;
			buildSettings = {
				ASSETCATALOG_COMPILER_APPICON_NAME = AppIcon;
				ASSETCATALOG_COMPILER_GLOBAL_ACCENT_COLOR_NAME = AccentColor;
				CODE_SIGN_STYLE = Automatic;
				CURRENT_PROJECT_VERSION = 1;
				DEVELOPMENT_ASSET_PATHS = "\"vyyer_test/Preview Content\"";
				DEVELOPMENT_TEAM = 27S85J5GU5;
				ENABLE_PREVIEWS = YES;
				GENERATE_INFOPLIST_FILE = YES;
				INFOPLIST_KEY_UIApplicationSceneManifest_Generation = YES;
				INFOPLIST_KEY_UIApplicationSupportsIndirectInputEvents = YES;
				INFOPLIST_KEY_UILaunchScreen_Generation = YES;
				INFOPLIST_KEY_UISupportedInterfaceOrientations_iPad = "UIInterfaceOrientationPortrait UIInterfaceOrientationPortraitUpsideDown UIInterfaceOrientationLandscapeLeft UIInterfaceOrientationLandscapeRight";
				INFOPLIST_KEY_UISupportedInterfaceOrientations_iPhone = "UIInterfaceOrientationPortrait UIInterfaceOrientationLandscapeLeft UIInterfaceOrientationLandscapeRight";
				LD_RUNPATH_SEARCH_PATHS = (
					"$(inherited)",
					"@executable_path/Frameworks",
				);
				MARKETING_VERSION = 1.0;
				PRODUCT_BUNDLE_IDENTIFIER = "app.homeprod.vyyer-test";
				PRODUCT_NAME = "$(TARGET_NAME)";
				SWIFT_EMIT_LOC_STRINGS = YES;
				SWIFT_VERSION = 5.0;
				TARGETED_DEVICE_FAMILY = "1,2";
			};
			name = Release;
		};
		580517E72D8C820F0016707D /* Debug */ = {
			isa = XCBuildConfiguration;
			buildSettings = {
				BUNDLE_LOADER = "$(TEST_HOST)";
				CODE_SIGN_STYLE = Automatic;
				CURRENT_PROJECT_VERSION = 1;
				DEVELOPMENT_TEAM = 27S85J5GU5;
				GENERATE_INFOPLIST_FILE = YES;
				IPHONEOS_DEPLOYMENT_TARGET = 18.0;
				MARKETING_VERSION = 1.0;
				PRODUCT_BUNDLE_IDENTIFIER = "app.homeprod.vyyer-testTests";
				PRODUCT_NAME = "$(TARGET_NAME)";
				SWIFT_EMIT_LOC_STRINGS = NO;
				SWIFT_VERSION = 5.0;
				TARGETED_DEVICE_FAMILY = "1,2";
				TEST_HOST = "$(BUILT_PRODUCTS_DIR)/vyyer_test.app/$(BUNDLE_EXECUTABLE_FOLDER_PATH)/vyyer_test";
			};
			name = Debug;
		};
		580517E82D8C820F0016707D /* Release */ = {
			isa = XCBuildConfiguration;
			buildSettings = {
				BUNDLE_LOADER = "$(TEST_HOST)";
				CODE_SIGN_STYLE = Automatic;
				CURRENT_PROJECT_VERSION = 1;
				DEVELOPMENT_TEAM = 27S85J5GU5;
				GENERATE_INFOPLIST_FILE = YES;
				IPHONEOS_DEPLOYMENT_TARGET = 18.0;
				MARKETING_VERSION = 1.0;
				PRODUCT_BUNDLE_IDENTIFIER = "app.homeprod.vyyer-testTests";
				PRODUCT_NAME = "$(TARGET_NAME)";
				SWIFT_EMIT_LOC_STRINGS = NO;
				SWIFT_VERSION = 5.0;
				TARGETED_DEVICE_FAMILY = "1,2";
				TEST_HOST = "$(BUILT_PRODUCTS_DIR)/vyyer_test.app/$(BUNDLE_EXECUTABLE_FOLDER_PATH)/vyyer_test";
			};
			name = Release;
		};
		580517EA2D8C820F0016707D /* Debug */ = {
			isa = XCBuildConfiguration;
			buildSettings = {
				CODE_SIGN_STYLE = Automatic;
				CURRENT_PROJECT_VERSION = 1;
				DEVELOPMENT_TEAM = 27S85J5GU5;
				GENERATE_INFOPLIST_FILE = YES;
				MARKETING_VERSION = 1.0;
				PRODUCT_BUNDLE_IDENTIFIER = "app.homeprod.vyyer-testUITests";
				PRODUCT_NAME = "$(TARGET_NAME)";
				SWIFT_EMIT_LOC_STRINGS = NO;
				SWIFT_VERSION = 5.0;
				TARGETED_DEVICE_FAMILY = "1,2";
				TEST_TARGET_NAME = vyyer_test;
			};
			name = Debug;
		};
		580517EB2D8C820F0016707D /* Release */ = {
			isa = XCBuildConfiguration;
			buildSettings = {
				CODE_SIGN_STYLE = Automatic;
				CURRENT_PROJECT_VERSION = 1;
				DEVELOPMENT_TEAM = 27S85J5GU5;
				GENERATE_INFOPLIST_FILE = YES;
				MARKETING_VERSION = 1.0;
				PRODUCT_BUNDLE_IDENTIFIER = "app.homeprod.vyyer-testUITests";
				PRODUCT_NAME = "$(TARGET_NAME)";
				SWIFT_EMIT_LOC_STRINGS = NO;
				SWIFT_VERSION = 5.0;
				TARGETED_DEVICE_FAMILY = "1,2";
				TEST_TARGET_NAME = vyyer_test;
			};
			name = Release;
		};
/* End XCBuildConfiguration section */

/* Begin XCConfigurationList section */
		580517B82D8C820D0016707D /* Build configuration list for PBXProject "vyyer_test" */ = {
			isa = XCConfigurationList;
			buildConfigurations = (
				580517E12D8C820F0016707D /* Debug */,
				580517E22D8C820F0016707D /* Release */,
			);
			defaultConfigurationIsVisible = 0;
			defaultConfigurationName = Release;
		};
		580517E32D8C820F0016707D /* Build configuration list for PBXNativeTarget "vyyer_test" */ = {
			isa = XCConfigurationList;
			buildConfigurations = (
				580517E42D8C820F0016707D /* Debug */,
				580517E52D8C820F0016707D /* Release */,
			);
			defaultConfigurationIsVisible = 0;
			defaultConfigurationName = Release;
		};
		580517E62D8C820F0016707D /* Build configuration list for PBXNativeTarget "vyyer_testTests" */ = {
			isa = XCConfigurationList;
			buildConfigurations = (
				580517E72D8C820F0016707D /* Debug */,
				580517E82D8C820F0016707D /* Release */,
			);
			defaultConfigurationIsVisible = 0;
			defaultConfigurationName = Release;
		};
		580517E92D8C820F0016707D /* Build configuration list for PBXNativeTarget "vyyer_testUITests" */ = {
			isa = XCConfigurationList;
			buildConfigurations = (
				580517EA2D8C820F0016707D /* Debug */,
				580517EB2D8C820F0016707D /* Release */,
			);
			defaultConfigurationIsVisible = 0;
			defaultConfigurationName = Release;
		};
/* End XCConfigurationList section */
	};
	rootObject = 580517B52D8C820D0016707D /* Project object */;
}
